
Microsoft Visual Studio Solution File, Format Version 12.00
# Visual Studio Version 16
VisualStudioVersion = 16.0.30320.27
MinimumVisualStudioVersion = 10.0.40219.1
Project("{9A19103F-16F7-4668-BE54-9A1E7A4F7556}") = "VulcanForge", "VulcanForge.csproj", "{6926B4C1-C56D-4487-BD47-494D0B30BBD9}"
EndProject
Global
	GlobalSection(SolutionConfigurationPlatforms) = preSolution
		Debug|Any CPU = Debug|Any CPU
		Release|Any CPU = Release|Any CPU
	EndGlobalSection
	GlobalSection(ProjectConfigurationPlatforms) = postSolution
		{6926B4C1-C56D-4487-BD47-494D0B30BBD9}.Debug|Any CPU.ActiveCfg = Debug|Any CPU
		{6926B4C1-C56D-4487-BD47-494D0B30BBD9}.Debug|Any CPU.Build.0 = Debug|Any CPU
		{6926B4C1-C56D-4487-BD47-494D0B30BBD9}.Release|Any CPU.ActiveCfg = Release|Any CPU
		{6926B4C1-C56D-4487-BD47-494D0B30BBD9}.Release|Any CPU.Build.0 = Release|Any CPU
	EndGlobalSection
	GlobalSection(SolutionProperties) = preSolution
		HideSolutionNode = FALSE
	EndGlobalSection
	GlobalSection(ExtensibilityGlobals) = postSolution
		SolutionGuid = {A1542E0A-0EBA-4422-B2B9-8A8A25D0052D}
	EndGlobalSection
EndGlobal
